
Microsoft Visual Studio Solution File, Format Version 12.00
# Visual Studio 14
VisualStudioVersion = 14.0.23107.0
MinimumVisualStudioVersion = 10.0.40219.1
Project("{FAE04EC0-301F-11D3-BF4B-00C04F79EFBC}") = "SSA2112630_自动打包机", "SSA2112630_自动打包机.csproj", "{E89EEB93-4E39-4FF8-A09B-9AF2E1261D19}"
EndProject
Global
	GlobalSection(SolutionConfigurationPlatforms) = preSolution
		Debug|Any CPU = Debug|Any CPU
		Release|Any CPU = Release|Any CPU
	EndGlobalSection
	GlobalSection(ProjectConfigurationPlatforms) = postSolution
		{E89EEB93-4E39-4FF8-A09B-9AF2E1261D19}.Debug|Any CPU.ActiveCfg = Debug|Any CPU
		{E89EEB93-4E39-4FF8-A09B-9AF2E1261D19}.Debug|Any CPU.Build.0 = Debug|Any CPU
		{E89EEB93-4E39-4FF8-A09B-9AF2E1261D19}.Release|Any CPU.ActiveCfg = Release|Any CPU
		{E89EEB93-4E39-4FF8-A09B-9AF2E1261D19}.Release|Any CPU.Build.0 = Release|Any CPU
	EndGlobalSection
	GlobalSection(SolutionProperties) = preSolution
		HideSolutionNode = FALSE
	EndGlobalSection
	GlobalSection(ExtensibilityGlobals) = postSolution
		SolutionGuid = {91E52E90-7AB5-4B4D-9DB3-B295BBDFD27F}
	EndGlobalSection
EndGlobal
