
Microsoft Visual Studio Solution File, Format Version 12.00
# Visual Studio 14
VisualStudioVersion = 14.0.23107.0
MinimumVisualStudioVersion = 10.0.40219.1
Project("{FAE04EC0-301F-11D3-BF4B-00C04F79EFBC}") = "UI", "UI\UI.csproj", "{B4577AD3-E40B-4375-9A73-C9EA51EC4A1D}"
EndProject
Project("{FAE04EC0-301F-11D3-BF4B-00C04F79EFBC}") = "Bll", "Bll\Bll.csproj", "{4D29945D-4C0C-4964-8E89-5F6C877EBAD3}"
EndProject
Project("{FAE04EC0-301F-11D3-BF4B-00C04F79EFBC}") = "Model", "Model\Model.csproj", "{F38F215C-7321-466F-9A65-E15FAFDB2838}"
EndProject
Project("{FAE04EC0-301F-11D3-BF4B-00C04F79EFBC}") = "Common", "Common\Common.csproj", "{49F31FE1-3D48-43CF-A9C4-E1C84629EDE1}"
EndProject
Project("{FAE04EC0-301F-11D3-BF4B-00C04F79EFBC}") = "Dal", "Dal\Dal.csproj", "{F296A064-9C64-4FD7-862D-6F090D73EE89}"
EndProject
Global
	GlobalSection(SolutionConfigurationPlatforms) = preSolution
		Debug|Any CPU = Debug|Any CPU
		Release|Any CPU = Release|Any CPU
	EndGlobalSection
	GlobalSection(ProjectConfigurationPlatforms) = postSolution
		{B4577AD3-E40B-4375-9A73-C9EA51EC4A1D}.Debug|Any CPU.ActiveCfg = Debug|Any CPU
		{B4577AD3-E40B-4375-9A73-C9EA51EC4A1D}.Debug|Any CPU.Build.0 = Debug|Any CPU
		{B4577AD3-E40B-4375-9A73-C9EA51EC4A1D}.Release|Any CPU.ActiveCfg = Release|Any CPU
		{B4577AD3-E40B-4375-9A73-C9EA51EC4A1D}.Release|Any CPU.Build.0 = Release|Any CPU
		{4D29945D-4C0C-4964-8E89-5F6C877EBAD3}.Debug|Any CPU.ActiveCfg = Debug|Any CPU
		{4D29945D-4C0C-4964-8E89-5F6C877EBAD3}.Debug|Any CPU.Build.0 = Debug|Any CPU
		{4D29945D-4C0C-4964-8E89-5F6C877EBAD3}.Release|Any CPU.ActiveCfg = Release|Any CPU
		{4D29945D-4C0C-4964-8E89-5F6C877EBAD3}.Release|Any CPU.Build.0 = Release|Any CPU
		{F38F215C-7321-466F-9A65-E15FAFDB2838}.Debug|Any CPU.ActiveCfg = Debug|Any CPU
		{F38F215C-7321-466F-9A65-E15FAFDB2838}.Debug|Any CPU.Build.0 = Debug|Any CPU
		{F38F215C-7321-466F-9A65-E15FAFDB2838}.Release|Any CPU.ActiveCfg = Release|Any CPU
		{F38F215C-7321-466F-9A65-E15FAFDB2838}.Release|Any CPU.Build.0 = Release|Any CPU
		{49F31FE1-3D48-43CF-A9C4-E1C84629EDE1}.Debug|Any CPU.ActiveCfg = Debug|Any CPU
		{49F31FE1-3D48-43CF-A9C4-E1C84629EDE1}.Debug|Any CPU.Build.0 = Debug|Any CPU
		{49F31FE1-3D48-43CF-A9C4-E1C84629EDE1}.Release|Any CPU.ActiveCfg = Release|Any CPU
		{49F31FE1-3D48-43CF-A9C4-E1C84629EDE1}.Release|Any CPU.Build.0 = Release|Any CPU
		{F296A064-9C64-4FD7-862D-6F090D73EE89}.Debug|Any CPU.ActiveCfg = Debug|Any CPU
		{F296A064-9C64-4FD7-862D-6F090D73EE89}.Debug|Any CPU.Build.0 = Debug|Any CPU
		{F296A064-9C64-4FD7-862D-6F090D73EE89}.Release|Any CPU.ActiveCfg = Release|Any CPU
		{F296A064-9C64-4FD7-862D-6F090D73EE89}.Release|Any CPU.Build.0 = Release|Any CPU
	EndGlobalSection
	GlobalSection(SolutionProperties) = preSolution
		HideSolutionNode = FALSE
	EndGlobalSection
EndGlobal
